
Microsoft Visual Studio Solution File, Format Version 12.00
# Visual Studio 2017
Project("{FAE04EC0-301F-11D3-BF4B-00C04F79EFBC}") = "Juego Plataformas", "Juego Plataformas.csproj", "{30B7C314-A74F-47A4-7D1B-EF45C2BAABC9}"
EndProject
Project("{FAE04EC0-301F-11D3-BF4B-00C04F79EFBC}") = "Juego Plataformas.Editor", "Juego Plataformas.Editor.csproj", "{8F3C830F-5774-1E3E-BF79-286D52969AAB}"
EndProject
Global
	GlobalSection(SolutionConfigurationPlatforms) = preSolution
		Debug|Any CPU = Debug|Any CPU
		Release|Any CPU = Release|Any CPU
	EndGlobalSection
	GlobalSection(ProjectConfigurationPlatforms) = postSolution
		{30B7C314-A74F-47A4-7D1B-EF45C2BAABC9}.Debug|Any CPU.ActiveCfg = Debug|Any CPU
		{30B7C314-A74F-47A4-7D1B-EF45C2BAABC9}.Debug|Any CPU.Build.0 = Debug|Any CPU
		{30B7C314-A74F-47A4-7D1B-EF45C2BAABC9}.Release|Any CPU.ActiveCfg = Release|Any CPU
		{30B7C314-A74F-47A4-7D1B-EF45C2BAABC9}.Release|Any CPU.Build.0 = Release|Any CPU
		{8F3C830F-5774-1E3E-BF79-286D52969AAB}.Debug|Any CPU.ActiveCfg = Debug|Any CPU
		{8F3C830F-5774-1E3E-BF79-286D52969AAB}.Debug|Any CPU.Build.0 = Debug|Any CPU
		{8F3C830F-5774-1E3E-BF79-286D52969AAB}.Release|Any CPU.ActiveCfg = Release|Any CPU
		{8F3C830F-5774-1E3E-BF79-286D52969AAB}.Release|Any CPU.Build.0 = Release|Any CPU
	EndGlobalSection
	GlobalSection(SolutionProperties) = preSolution
		HideSolutionNode = FALSE
	EndGlobalSection
EndGlobal
